Microsoft Visual Studio Solution File, Format Version 12.00
# Visual Studio 15
VisualStudioVersion = 15.0.27130.2027
MinimumVisualStudioVersion = 10.0.40219.1
Project("{9A19103F-16F7-4668-BE54-9A1E7A4F7556}") = "ailurus", "ailurus.csproj", "{BB0A5360-73BE-448F-B0CC-76C49557A728}"
EndProject
Project("{9A19103F-16F7-4668-BE54-9A1E7A4F7556}") = "ailurus.mapgen", "ailurus.mapgen\ailurus.mapgen.csproj", "{976B4E78-A444-46F3-9B02-A8B4181617F0}"
EndProject
Project("{9A19103F-16F7-4668-BE54-9A1E7A4F7556}") = "ailurus.maptest", "ailurus.maptest\ailurus.maptest.csproj", "{5C6ECA2F-FFEF-44CB-B304-8585D28CFA08}"
EndProject
Project("{9A19103F-16F7-4668-BE54-9A1E7A4F7556}") = "ailurus.mapimage", "ailurus.mapimage\ailurus.mapimage.csproj", "{4387A428-8501-4FB4-9913-C44416A77F89}"
EndProject
Global
	GlobalSection(SolutionConfigurationPlatforms) = preSolution
		Debug|Any CPU = Debug|Any CPU
		Debug|x64 = Debug|x64
		Debug|x86 = Debug|x86
		Release|Any CPU = Release|Any CPU
		Release|x64 = Release|x64
		Release|x86 = Release|x86
	EndGlobalSection
	GlobalSection(ProjectConfigurationPlatforms) = postSolution
		{BB0A5360-73BE-448F-B0CC-76C49557A728}.Debug|Any CPU.ActiveCfg = Debug|Any CPU
		{BB0A5360-73BE-448F-B0CC-76C49557A728}.Debug|Any CPU.Build.0 = Debug|Any CPU
		{BB0A5360-73BE-448F-B0CC-76C49557A728}.Debug|x64.ActiveCfg = Debug|Any CPU
		{BB0A5360-73BE-448F-B0CC-76C49557A728}.Debug|x64.Build.0 = Debug|Any CPU
		{BB0A5360-73BE-448F-B0CC-76C49557A728}.Debug|x86.ActiveCfg = Debug|Any CPU
		{BB0A5360-73BE-448F-B0CC-76C49557A728}.Debug|x86.Build.0 = Debug|Any CPU
		{BB0A5360-73BE-448F-B0CC-76C49557A728}.Release|Any CPU.ActiveCfg = Release|Any CPU
		{BB0A5360-73BE-448F-B0CC-76C49557A728}.Release|Any CPU.Build.0 = Release|Any CPU
		{BB0A5360-73BE-448F-B0CC-76C49557A728}.Release|x64.ActiveCfg = Release|Any CPU
		{BB0A5360-73BE-448F-B0CC-76C49557A728}.Release|x64.Build.0 = Release|Any CPU
		{BB0A5360-73BE-448F-B0CC-76C49557A728}.Release|x86.ActiveCfg = Release|Any CPU
		{BB0A5360-73BE-448F-B0CC-76C49557A728}.Release|x86.Build.0 = Release|Any CPU
		{976B4E78-A444-46F3-9B02-A8B4181617F0}.Debug|Any CPU.ActiveCfg = Debug|Any CPU
		{976B4E78-A444-46F3-9B02-A8B4181617F0}.Debug|Any CPU.Build.0 = Debug|Any CPU
		{976B4E78-A444-46F3-9B02-A8B4181617F0}.Debug|x64.ActiveCfg = Debug|Any CPU
		{976B4E78-A444-46F3-9B02-A8B4181617F0}.Debug|x64.Build.0 = Debug|Any CPU
		{976B4E78-A444-46F3-9B02-A8B4181617F0}.Debug|x86.ActiveCfg = Debug|Any CPU
		{976B4E78-A444-46F3-9B02-A8B4181617F0}.Debug|x86.Build.0 = Debug|Any CPU
		{976B4E78-A444-46F3-9B02-A8B4181617F0}.Release|Any CPU.ActiveCfg = Release|Any CPU
		{976B4E78-A444-46F3-9B02-A8B4181617F0}.Release|Any CPU.Build.0 = Release|Any CPU
		{976B4E78-A444-46F3-9B02-A8B4181617F0}.Release|x64.ActiveCfg = Release|Any CPU
		{976B4E78-A444-46F3-9B02-A8B4181617F0}.Release|x64.Build.0 = Release|Any CPU
		{976B4E78-A444-46F3-9B02-A8B4181617F0}.Release|x86.ActiveCfg = Release|Any CPU
		{976B4E78-A444-46F3-9B02-A8B4181617F0}.Release|x86.Build.0 = Release|Any CPU
		{5C6ECA2F-FFEF-44CB-B304-8585D28CFA08}.Debug|Any CPU.ActiveCfg = Debug|Any CPU
		{5C6ECA2F-FFEF-44CB-B304-8585D28CFA08}.Debug|Any CPU.Build.0 = Debug|Any CPU
		{5C6ECA2F-FFEF-44CB-B304-8585D28CFA08}.Debug|x64.ActiveCfg = Debug|Any CPU
		{5C6ECA2F-FFEF-44CB-B304-8585D28CFA08}.Debug|x64.Build.0 = Debug|Any CPU
		{5C6ECA2F-FFEF-44CB-B304-8585D28CFA08}.Debug|x86.ActiveCfg = Debug|Any CPU
		{5C6ECA2F-FFEF-44CB-B304-8585D28CFA08}.Debug|x86.Build.0 = Debug|Any CPU
		{5C6ECA2F-FFEF-44CB-B304-8585D28CFA08}.Release|Any CPU.ActiveCfg = Release|Any CPU
		{5C6ECA2F-FFEF-44CB-B304-8585D28CFA08}.Release|Any CPU.Build.0 = Release|Any CPU
		{5C6ECA2F-FFEF-44CB-B304-8585D28CFA08}.Release|x64.ActiveCfg = Release|Any CPU
		{5C6ECA2F-FFEF-44CB-B304-8585D28CFA08}.Release|x64.Build.0 = Release|Any CPU
		{5C6ECA2F-FFEF-44CB-B304-8585D28CFA08}.Release|x86.ActiveCfg = Release|Any CPU
		{5C6ECA2F-FFEF-44CB-B304-8585D28CFA08}.Release|x86.Build.0 = Release|Any CPU
		{4387A428-8501-4FB4-9913-C44416A77F89}.Debug|Any CPU.ActiveCfg = Debug|Any CPU
		{4387A428-8501-4FB4-9913-C44416A77F89}.Debug|Any CPU.Build.0 = Debug|Any CPU
		{4387A428-8501-4FB4-9913-C44416A77F89}.Debug|x64.ActiveCfg = Debug|Any CPU
		{4387A428-8501-4FB4-9913-C44416A77F89}.Debug|x64.Build.0 = Debug|Any CPU
		{4387A428-8501-4FB4-9913-C44416A77F89}.Debug|x86.ActiveCfg = Debug|Any CPU
		{4387A428-8501-4FB4-9913-C44416A77F89}.Debug|x86.Build.0 = Debug|Any CPU
		{4387A428-8501-4FB4-9913-C44416A77F89}.Release|Any CPU.ActiveCfg = Release|Any CPU
		{4387A428-8501-4FB4-9913-C44416A77F89}.Release|Any CPU.Build.0 = Release|Any CPU
		{4387A428-8501-4FB4-9913-C44416A77F89}.Release|x64.ActiveCfg = Release|Any CPU
		{4387A428-8501-4FB4-9913-C44416A77F89}.Release|x64.Build.0 = Release|Any CPU
		{4387A428-8501-4FB4-9913-C44416A77F89}.Release|x86.ActiveCfg = Release|Any CPU
		{4387A428-8501-4FB4-9913-C44416A77F89}.Release|x86.Build.0 = Release|Any CPU
	EndGlobalSection
	GlobalSection(SolutionProperties) = preSolution
		HideSolutionNode = FALSE
	EndGlobalSection
	GlobalSection(ExtensibilityGlobals) = postSolution
		SolutionGuid = {84916620-7582-453F-BEFB-74073B8E497D}
	EndGlobalSection
EndGlobal
